
Microsoft Visual Studio Solution File, Format Version 12.00
# Visual Studio Version 16
VisualStudioVersion = 16.0.31005.135
MinimumVisualStudioVersion = 10.0.40219.1
Project("{FAE04EC0-301F-11D3-BF4B-00C04F79EFBC}") = "DWTestApi", "DWTestApi\DWTestApi.csproj", "{BB3C6823-3C60-4FF7-B3B8-C5A9D85BEE86}"
EndProject
Global
	GlobalSection(SolutionConfigurationPlatforms) = preSolution
		Debug|Any CPU = Debug|Any CPU
		Release|Any CPU = Release|Any CPU
	EndGlobalSection
	GlobalSection(ProjectConfigurationPlatforms) = postSolution
		{BB3C6823-3C60-4FF7-B3B8-C5A9D85BEE86}.Debug|Any CPU.ActiveCfg = Debug|Any CPU
		{BB3C6823-3C60-4FF7-B3B8-C5A9D85BEE86}.Debug|Any CPU.Build.0 = Debug|Any CPU
		{BB3C6823-3C60-4FF7-B3B8-C5A9D85BEE86}.Release|Any CPU.ActiveCfg = Release|Any CPU
		{BB3C6823-3C60-4FF7-B3B8-C5A9D85BEE86}.Release|Any CPU.Build.0 = Release|Any CPU
	EndGlobalSection
	GlobalSection(SolutionProperties) = preSolution
		HideSolutionNode = FALSE
	EndGlobalSection
	GlobalSection(ExtensibilityGlobals) = postSolution
		SolutionGuid = {75808A09-1E41-4F44-B635-7333B09C4AD0}
	EndGlobalSection
EndGlobal
